
Microsoft Visual Studio Solution File, Format Version 12.00
# Visual Studio Version 16
VisualStudioVersion = 16.0.30907.101
MinimumVisualStudioVersion = 10.0.40219.1
Project("{FAE04EC0-301F-11D3-BF4B-00C04F79EFBC}") = "NumberGuesser", "NumberGuesser.csproj", "{9AF2B39E-F93A-44AA-9DDE-F587119C7F22}"
EndProject
Global
	GlobalSection(SolutionConfigurationPlatforms) = preSolution
		Debug|Any CPU = Debug|Any CPU
		Release|Any CPU = Release|Any CPU
	EndGlobalSection
	GlobalSection(ProjectConfigurationPlatforms) = postSolution
		{9AF2B39E-F93A-44AA-9DDE-F587119C7F22}.Debug|Any CPU.ActiveCfg = Debug|Any CPU
		{9AF2B39E-F93A-44AA-9DDE-F587119C7F22}.Debug|Any CPU.Build.0 = Debug|Any CPU
		{9AF2B39E-F93A-44AA-9DDE-F587119C7F22}.Release|Any CPU.ActiveCfg = Release|Any CPU
		{9AF2B39E-F93A-44AA-9DDE-F587119C7F22}.Release|Any CPU.Build.0 = Release|Any CPU
	EndGlobalSection
	GlobalSection(SolutionProperties) = preSolution
		HideSolutionNode = FALSE
	EndGlobalSection
	GlobalSection(ExtensibilityGlobals) = postSolution
		SolutionGuid = {2ABE6630-23CD-4C9C-A031-C83D61B97AA2}
	EndGlobalSection
EndGlobal
